NeoBundleLock emmet-vim 350f0ba10b9ee65837fc5b04a993b14a7a10e5ac
NeoBundleLock im_control.vim 4e1afa1269a8298fc7c7912638c20ce29f7af171
NeoBundleLock molokai c67bdfcdb31415aa0ade7f8c003261700a885476
NeoBundleLock neobundle.vim 26d03781886ed887e390d4ad8b935987754b1c2c
NeoBundleLock neocomplete.vim 4be617947f3fcf2d725fab20b0e12f8b46c9e2f3
NeoBundleLock neodark.vim d850315a8c0c8f49604db0a56f4b99cbe5a1ae45
NeoBundleLock neomru.vim 97540f54fa20b94daf306f0c1f3cce983bbf7a1d
NeoBundleLock nerdtree a0e49c9b117d68dbc3e308b79529f8a3ab18e0f8
NeoBundleLock open-browser.vim 43b08d6642f26af5a875b0d0bdb3aa9a6d12e7eb
NeoBundleLock previm f9cb0db8bd2148ccb505f816443ab5d75fc29bfe
NeoBundleLock unite.vim cc0af4798f91e1c3a4a78ae028a3ac3e61d25eb3
NeoBundleLock vim-markdown 8ace66328c7a2f416671b863cd842712d36c53cc
NeoBundleLock vim-quickrun 8d864e7feb7ac9dded84808f76fcb3fcd3ed8ae3
NeoBundleLock vim-rails 39cb87dbbac742dad68908c1c645b8f202d8f943
NeoBundleLock vim-surround e49d6c2459e0f5569ff2d533b4df995dd7f98313
NeoBundleLock vimproc.vim 2300224d366642f4f8d6f88861535d4ccbe20143
NeoBundleLock vimshell d0c5bef010237855b4de25863bc54895effe5d7a
