NeoBundleLock emmet-vim af173588db7e4b91e8446ace46a8638b0dd4b258
NeoBundleLock im_control.vim af173588db7e4b91e8446ace46a8638b0dd4b258
NeoBundleLock molokai af173588db7e4b91e8446ace46a8638b0dd4b258
NeoBundleLock neobundle.vim 26d03781886ed887e390d4ad8b935987754b1c2c
NeoBundleLock neocomplete.vim af173588db7e4b91e8446ace46a8638b0dd4b258
NeoBundleLock neodark.vim af173588db7e4b91e8446ace46a8638b0dd4b258
NeoBundleLock neomru.vim af173588db7e4b91e8446ace46a8638b0dd4b258
NeoBundleLock nerdtree af173588db7e4b91e8446ace46a8638b0dd4b258
NeoBundleLock open-browser.vim af173588db7e4b91e8446ace46a8638b0dd4b258
NeoBundleLock previm af173588db7e4b91e8446ace46a8638b0dd4b258
NeoBundleLock unite.vim af173588db7e4b91e8446ace46a8638b0dd4b258
NeoBundleLock vim-markdown af173588db7e4b91e8446ace46a8638b0dd4b258
NeoBundleLock vim-quickrun af173588db7e4b91e8446ace46a8638b0dd4b258
NeoBundleLock vim-rails af173588db7e4b91e8446ace46a8638b0dd4b258
NeoBundleLock vim-surround af173588db7e4b91e8446ace46a8638b0dd4b258
NeoBundleLock vimproc.vim af173588db7e4b91e8446ace46a8638b0dd4b258
NeoBundleLock vimshell af173588db7e4b91e8446ace46a8638b0dd4b258
